// !$*UTF8*$!
{
	archiveVersion = 1;
	classes = {
	};
	objectVersion = 50;
	objects = {

/* Begin PBXBuildFile section */
		4CE68B4823CE9B1A000B26F9 /* AppDelegate.swift in Sources */ = {isa = PBXBuildFile; fileRef = 4CE68B4723CE9B1A000B26F9 /* AppDelegate.swift */; };
		4CE68B4A23CE9B1A000B26F9 /* SceneDelegate.swift in Sources */ = {isa = PBXBuildFile; fileRef = 4CE68B4923CE9B1A000B26F9 /* SceneDelegate.swift */; };
		4CE68B4C23CE9B1A000B26F9 /* ViewController.swift in Sources */ = {isa = PBXBuildFile; fileRef = 4CE68B4B23CE9B1A000B26F9 /* ViewController.swift */; };
		4CE68B4F23CE9B1A000B26F9 /* Main.storyboard in Resources */ = {isa = PBXBuildFile; fileRef = 4CE68B4D23CE9B1A000B26F9 /* Main.storyboard */; };
		4CE68B5123CE9B21000B26F9 /* Assets.xcassets in Resources */ = {isa = PBXBuildFile; fileRef = 4CE68B5023CE9B21000B26F9 /* Assets.xcassets */; };
		4CE68B5423CE9B21000B26F9 /* LaunchScreen.storyboard in Resources */ = {isa = PBXBuildFile; fileRef = 4CE68B5223CE9B21000B26F9 /* LaunchScreen.storyboard */; };
		4CE68B5F23CE9B21000B26F9 /* GitHubTests.swift in Sources */ = {isa = PBXBuildFile; fileRef = 4CE68B5E23CE9B21000B26F9 /* GitHubTests.swift */; };
		4CE68B6A23CE9B21000B26F9 /* GitHubUITests.swift in Sources */ = {isa = PBXBuildFile; fileRef = 4CE68B6923CE9B21000B26F9 /* GitHubUITests.swift */; };
/* End PBXBuildFile section */

/* Begin PBXContainerItemProxy section */
		4CE68B5B23CE9B21000B26F9 /* PBXContainerItemProxy */ = {
			isa = PBXContainerItemProxy;
			containerPortal = 4CE68B3C23CE9B1A000B26F9 /* Project object */;
			proxyType = 1;
			remoteGlobalIDString = 4CE68B4323CE9B1A000B26F9;
			remoteInfo = GitHub;
		};
		4CE68B6623CE9B21000B26F9 /* PBXContainerItemProxy */ = {
			isa = PBXContainerItemProxy;
			containerPortal = 4CE68B3C23CE9B1A000B26F9 /* Project object */;
			proxyType = 1;
			remoteGlobalIDString = 4CE68B4323CE9B1A000B26F9;
			remoteInfo = GitHub;
		};
/* End PBXContainerItemProxy section */

/* Begin PBXFileReference section */
		4CE68B4423CE9B1A000B26F9 /* GitHub.app */ = {isa = PBXFileReference; explicitFileType = wrapper.application; includeInIndex = 0; path = GitHub.app; sourceTree = BUILT_PRODUCTS_DIR; };
		4CE68B4723CE9B1A000B26F9 /* AppDelegate.swift */ = {isa = PBXFileReference; lastKnownFileType = sourcecode.swift; path = AppDelegate.swift; sourceTree = "<group>"; };
		4CE68B4923CE9B1A000B26F9 /* SceneDelegate.swift */ = {isa = PBXFileReference; lastKnownFileType = sourcecode.swift; path = SceneDelegate.swift; sourceTree = "<group>"; };
		4CE68B4B23CE9B1A000B26F9 /* ViewController.swift */ = {isa = PBXFileReference; lastKnownFileType = sourcecode.swift; path = ViewController.swift; sourceTree = "<group>"; };
		4CE68B4E23CE9B1A000B26F9 /* Base */ = {isa = PBXFileReference; lastKnownFileType = file.storyboard; name = Base; path = Base.lproj/Main.storyboard; sourceTree = "<group>"; };
		4CE68B5023CE9B21000B26F9 /* Assets.xcassets */ = {isa = PBXFileReference; lastKnownFileType = folder.assetcatalog; path = Assets.xcassets; sourceTree = "<group>"; };
		4CE68B5323CE9B21000B26F9 /* Base */ = {isa = PBXFileReference; lastKnownFileType = file.storyboard; name = Base; path = Base.lproj/LaunchScreen.storyboard; sourceTree = "<group>"; };
		4CE68B5523CE9B21000B26F9 /* Info.plist */ = {isa = PBXFileReference; lastKnownFileType = text.plist.xml; path = Info.plist; sourceTree = "<group>"; };
		4CE68B5A23CE9B21000B26F9 /* GitHubTests.xctest */ = {isa = PBXFileReference; explicitFileType = wrapper.cfbundle; includeInIndex = 0; path = GitHubTests.xctest; sourceTree = BUILT_PRODUCTS_DIR; };
		4CE68B5E23CE9B21000B26F9 /* GitHubTests.swift */ = {isa = PBXFileReference; lastKnownFileType = sourcecode.swift; path = GitHubTests.swift; sourceTree = "<group>"; };
		4CE68B6023CE9B21000B26F9 /* Info.plist */ = {isa = PBXFileReference; lastKnownFileType = text.plist.xml; path = Info.plist; sourceTree = "<group>"; };
		4CE68B6523CE9B21000B26F9 /* GitHubUITests.xctest */ = {isa = PBXFileReference; explicitFileType = wrapper.cfbundle; includeInIndex = 0; path = GitHubUITests.xctest; sourceTree = BUILT_PRODUCTS_DIR; };
		4CE68B6923CE9B21000B26F9 /* GitHubUITests.swift */ = {isa = PBXFileReference; lastKnownFileType = sourcecode.swift; path = GitHubUITests.swift; sourceTree = "<group>"; };
		4CE68B6B23CE9B21000B26F9 /* Info.plist */ = {isa = PBXFileReference; lastKnownFileType = text.plist.xml; path = Info.plist; sourceTree = "<group>"; };
/* End PBXFileReference section */

/* Begin PBXFrameworksBuildPhase section */
		4CE68B4123CE9B1A000B26F9 /* Frameworks */ = {
			isa = PBXFrameworksBuildPhase;
			buildActionMask = 2147483647;
			files = (
			);
			runOnlyForDeploymentPostprocessing = 0;
		};
		4CE68B5723CE9B21000B26F9 /* Frameworks */ = {
			isa = PBXFrameworksBuildPhase;
			buildActionMask = 2147483647;
			files = (
			);
			runOnlyForDeploymentPostprocessing = 0;
		};
		4CE68B6223CE9B21000B26F9 /* Frameworks */ = {
			isa = PBXFrameworksBuildPhase;
			buildActionMask = 2147483647;
			files = (
			);
			runOnlyForDeploymentPostprocessing = 0;
		};
/* End PBXFrameworksBuildPhase section */

/* Begin PBXGroup section */
		4CE68B3B23CE9B1A000B26F9 = {
			isa = PBXGroup;
			children = (
				4CE68B4623CE9B1A000B26F9 /* GitHub */,
				4CE68B5D23CE9B21000B26F9 /* GitHubTests */,
				4CE68B6823CE9B21000B26F9 /* GitHubUITests */,
				4CE68B4523CE9B1A000B26F9 /* Products */,
			);
			sourceTree = "<group>";
		};
		4CE68B4523CE9B1A000B26F9 /* Products */ = {
			isa = PBXGroup;
			children = (
				4CE68B4423CE9B1A000B26F9 /* GitHub.app */,
				4CE68B5A23CE9B21000B26F9 /* GitHubTests.xctest */,
				4CE68B6523CE9B21000B26F9 /* GitHubUITests.xctest */,
			);
			name = Products;
			sourceTree = "<group>";
		};
		4CE68B4623CE9B1A000B26F9 /* GitHub */ = {
			isa = PBXGroup;
			children = (
				4CE68B4723CE9B1A000B26F9 /* AppDelegate.swift */,
				4CE68B4923CE9B1A000B26F9 /* SceneDelegate.swift */,
				4CE68B4B23CE9B1A000B26F9 /* ViewController.swift */,
				4CE68B4D23CE9B1A000B26F9 /* Main.storyboard */,
				4CE68B5023CE9B21000B26F9 /* Assets.xcassets */,
				4CE68B5223CE9B21000B26F9 /* LaunchScreen.storyboard */,
				4CE68B5523CE9B21000B26F9 /* Info.plist */,
			);
			path = GitHub;
			sourceTree = "<group>";
		};
		4CE68B5D23CE9B21000B26F9 /* GitHubTests */ = {
			isa = PBXGroup;
			children = (
				4CE68B5E23CE9B21000B26F9 /* GitHubTests.swift */,
				4CE68B6023CE9B21000B26F9 /* Info.plist */,
			);
			path = GitHubTests;
			sourceTree = "<group>";
		};
		4CE68B6823CE9B21000B26F9 /* GitHubUITests */ = {
			isa = PBXGroup;
			children = (
				4CE68B6923CE9B21000B26F9 /* GitHubUITests.swift */,
				4CE68B6B23CE9B21000B26F9 /* Info.plist */,
			);
			path = GitHubUITests;
			sourceTree = "<group>";
		};
/* End PBXGroup section */

/* Begin PBXNativeTarget section */
		4CE68B4323CE9B1A000B26F9 /* GitHub */ = {
			isa = PBXNativeTarget;
			buildConfigurationList = 4CE68B6E23CE9B21000B26F9 /* Build configuration list for PBXNativeTarget "GitHub" */;
			buildPhases = (
				4CE68B4023CE9B1A000B26F9 /* Sources */,
				4CE68B4123CE9B1A000B26F9 /* Frameworks */,
				4CE68B4223CE9B1A000B26F9 /* Resources */,
			);
			buildRules = (
			);
			dependencies = (
			);
			name = GitHub;
			productName = GitHub;
			productReference = 4CE68B4423CE9B1A000B26F9 /* GitHub.app */;
			productType = "com.apple.product-type.application";
		};
		4CE68B5923CE9B21000B26F9 /* GitHubTests */ = {
			isa = PBXNativeTarget;
			buildConfigurationList = 4CE68B7123CE9B21000B26F9 /* Build configuration list for PBXNativeTarget "GitHubTests" */;
			buildPhases = (
				4CE68B5623CE9B21000B26F9 /* Sources */,
				4CE68B5723CE9B21000B26F9 /* Frameworks */,
				4CE68B5823CE9B21000B26F9 /* Resources */,
			);
			buildRules = (
			);
			dependencies = (
				4CE68B5C23CE9B21000B26F9 /* PBXTargetDependency */,
			);
			name = GitHubTests;
			productName = GitHubTests;
			productReference = 4CE68B5A23CE9B21000B26F9 /* GitHubTests.xctest */;
			productType = "com.apple.product-type.bundle.unit-test";
		};
		4CE68B6423CE9B21000B26F9 /* GitHubUITests */ = {
			isa = PBXNativeTarget;
			buildConfigurationList = 4CE68B7423CE9B21000B26F9 /* Build configuration list for PBXNativeTarget "GitHubUITests" */;
			buildPhases = (
				4CE68B6123CE9B21000B26F9 /* Sources */,
				4CE68B6223CE9B21000B26F9 /* Frameworks */,
				4CE68B6323CE9B21000B26F9 /* Resources */,
			);
			buildRules = (
			);
			dependencies = (
				4CE68B6723CE9B21000B26F9 /* PBXTargetDependency */,
			);
			name = GitHubUITests;
			productName = GitHubUITests;
			productReference = 4CE68B6523CE9B21000B26F9 /* GitHubUITests.xctest */;
			productType = "com.apple.product-type.bundle.ui-testing";
		};
/* End PBXNativeTarget section */

/* Begin PBXProject section */
		4CE68B3C23CE9B1A000B26F9 /* Project object */ = {
			isa = PBXProject;
			attributes = {
				LastSwiftUpdateCheck = 1130;
				LastUpgradeCheck = 1130;
				ORGANIZATIONNAME = "Rafael Escaleira";
				TargetAttributes = {
					4CE68B4323CE9B1A000B26F9 = {
						CreatedOnToolsVersion = 11.3.1;
					};
					4CE68B5923CE9B21000B26F9 = {
						CreatedOnToolsVersion = 11.3.1;
						TestTargetID = 4CE68B4323CE9B1A000B26F9;
					};
					4CE68B6423CE9B21000B26F9 = {
						CreatedOnToolsVersion = 11.3.1;
						TestTargetID = 4CE68B4323CE9B1A000B26F9;
					};
				};
			};
			buildConfigurationList = 4CE68B3F23CE9B1A000B26F9 /* Build configuration list for PBXProject "GitHub" */;
			compatibilityVersion = "Xcode 9.3";
			developmentRegion = en;
			hasScannedForEncodings = 0;
			knownRegions = (
				en,
				Base,
			);
			mainGroup = 4CE68B3B23CE9B1A000B26F9;
			productRefGroup = 4CE68B4523CE9B1A000B26F9 /* Products */;
			projectDirPath = "";
			projectRoot = "";
			targets = (
				4CE68B4323CE9B1A000B26F9 /* GitHub */,
				4CE68B5923CE9B21000B26F9 /* GitHubTests */,
				4CE68B6423CE9B21000B26F9 /* GitHubUITests */,
			);
		};
/* End PBXProject section */

/* Begin PBXResourcesBuildPhase section */
		4CE68B4223CE9B1A000B26F9 /* Resources */ = {
			isa = PBXResourcesBuildPhase;
			buildActionMask = 2147483647;
			files = (
				4CE68B5423CE9B21000B26F9 /* LaunchScreen.storyboard in Resources */,
				4CE68B5123CE9B21000B26F9 /* Assets.xcassets in Resources */,
				4CE68B4F23CE9B1A000B26F9 /* Main.storyboard in Resources */,
			);
			runOnlyForDeploymentPostprocessing = 0;
		};
		4CE68B5823CE9B21000B26F9 /* Resources */ = {
			isa = PBXResourcesBuildPhase;
			buildActionMask = 2147483647;
			files = (
			);
			runOnlyForDeploymentPostprocessing = 0;
		};
		4CE68B6323CE9B21000B26F9 /* Resources */ = {
			isa = PBXResourcesBuildPhase;
			buildActionMask = 2147483647;
			files = (
			);
			runOnlyForDeploymentPostprocessing = 0;
		};
/* End PBXResourcesBuildPhase section */

/* Begin PBXSourcesBuildPhase section */
		4CE68B4023CE9B1A000B26F9 /* Sources */ = {
			isa = PBXSourcesBuildPhase;
			buildActionMask = 2147483647;
			files = (
				4CE68B4C23CE9B1A000B26F9 /* ViewController.swift in Sources */,
				4CE68B4823CE9B1A000B26F9 /* AppDelegate.swift in Sources */,
				4CE68B4A23CE9B1A000B26F9 /* SceneDelegate.swift in Sources */,
			);
			runOnlyForDeploymentPostprocessing = 0;
		};
		4CE68B5623CE9B21000B26F9 /* Sources */ = {
			isa = PBXSourcesBuildPhase;
			buildActionMask = 2147483647;
			files = (
				4CE68B5F23CE9B21000B26F9 /* GitHubTests.swift in Sources */,
			);
			runOnlyForDeploymentPostprocessing = 0;
		};
		4CE68B6123CE9B21000B26F9 /* Sources */ = {
			isa = PBXSourcesBuildPhase;
			buildActionMask = 2147483647;
			files = (
				4CE68B6A23CE9B21000B26F9 /* GitHubUITests.swift in Sources */,
			);
			runOnlyForDeploymentPostprocessing = 0;
		};
/* End PBXSourcesBuildPhase section */

/* Begin PBXTargetDependency section */
		4CE68B5C23CE9B21000B26F9 /* PBXTargetDependency */ = {
			isa = PBXTargetDependency;
			target = 4CE68B4323CE9B1A000B26F9 /* GitHub */;
			targetProxy = 4CE68B5B23CE9B21000B26F9 /* PBXContainerItemProxy */;
		};
		4CE68B6723CE9B21000B26F9 /* PBXTargetDependency */ = {
			isa = PBXTargetDependency;
			target = 4CE68B4323CE9B1A000B26F9 /* GitHub */;
			targetProxy = 4CE68B6623CE9B21000B26F9 /* PBXContainerItemProxy */;
		};
/* End PBXTargetDependency section */

/* Begin PBXVariantGroup section */
		4CE68B4D23CE9B1A000B26F9 /* Main.storyboard */ = {
			isa = PBXVariantGroup;
			children = (
				4CE68B4E23CE9B1A000B26F9 /* Base */,
			);
			name = Main.storyboard;
			sourceTree = "<group>";
		};
		4CE68B5223CE9B21000B26F9 /* LaunchScreen.storyboard */ = {
			isa = PBXVariantGroup;
			children = (
				4CE68B5323CE9B21000B26F9 /* Base */,
			);
			name = LaunchScreen.storyboard;
			sourceTree = "<group>";
		};
/* End PBXVariantGroup section */

/* Begin XCBuildConfiguration section */
		4CE68B6C23CE9B21000B26F9 /* Debug */ = {
			isa = XCBuildConfiguration;
			buildSettings = {
				ALWAYS_SEARCH_USER_PATHS = NO;
				CLANG_ANALYZER_NONNULL = YES;
				CLANG_ANALYZER_NUMBER_OBJECT_CONVERSION = YES_AGGRESSIVE;
				CLANG_CXX_LANGUAGE_STANDARD = "gnu++14";
				CLANG_CXX_LIBRARY = "libc++";
				CLANG_ENABLE_MODULES = YES;
				CLANG_ENABLE_OBJC_ARC = YES;
				CLANG_ENABLE_OBJC_WEAK = YES;
				CLANG_WARN_BLOCK_CAPTURE_AUTORELEASING = YES;
				CLANG_WARN_BOOL_CONVERSION = YES;
				CLANG_WARN_COMMA = YES;
				CLANG_WARN_CONSTANT_CONVERSION = YES;
				CLANG_WARN_DEPRECATED_OBJC_IMPLEMENTATIONS = YES;
				CLANG_WARN_DIRECT_OBJC_ISA_USAGE = YES_ERROR;
				CLANG_WARN_DOCUMENTATION_COMMENTS = YES;
				CLANG_WARN_EMPTY_BODY = YES;
				CLANG_WARN_ENUM_CONVERSION = YES;
				CLANG_WARN_INFINITE_RECURSION = YES;
				CLANG_WARN_INT_CONVERSION = YES;
				CLANG_WARN_NON_LITERAL_NULL_CONVERSION = YES;
				CLANG_WARN_OBJC_IMPLICIT_RETAIN_SELF = YES;
				CLANG_WARN_OBJC_LITERAL_CONVERSION = YES;
				CLANG_WARN_OBJC_ROOT_CLASS = YES_ERROR;
				CLANG_WARN_RANGE_LOOP_ANALYSIS = YES;
				CLANG_WARN_STRICT_PROTOTYPES = YES;
				CLANG_WARN_SUSPICIOUS_MOVE = YES;
				CLANG_WARN_UNGUARDED_AVAILABILITY = YES_AGGRESSIVE;
				CLANG_WARN_UNREACHABLE_CODE = YES;
				CLANG_WARN__DUPLICATE_METHOD_MATCH = YES;
				COPY_PHASE_STRIP = NO;
				DEBUG_INFORMATION_FORMAT = dwarf;
				ENABLE_STRICT_OBJC_MSGSEND = YES;
				ENABLE_TESTABILITY = YES;
				GCC_C_LANGUAGE_STANDARD = gnu11;
				GCC_DYNAMIC_NO_PIC = NO;
				GCC_NO_COMMON_BLOCKS = YES;
				GCC_OPTIMIZATION_LEVEL = 0;
				GCC_PREPROCESSOR_DEFINITIONS = (
					"DEBUG=1",
					"$(inherited)",
				);
				GCC_WARN_64_TO_32_BIT_CONVERSION = YES;
				GCC_WARN_ABOUT_RETURN_TYPE = YES_ERROR;
				GCC_WARN_UNDECLARED_SELECTOR = YES;
				GCC_WARN_UNINITIALIZED_AUTOS = YES_AGGRESSIVE;
				GCC_WARN_UNUSED_FUNCTION = YES;
				GCC_WARN_UNUSED_VARIABLE = YES;
				IPHONEOS_DEPLOYMENT_TARGET = 13.2;
				MTL_ENABLE_DEBUG_INFO = INCLUDE_SOURCE;
				MTL_FAST_MATH = YES;
				ONLY_ACTIVE_ARCH = YES;
				SDKROOT = iphoneos;
				SWIFT_ACTIVE_COMPILATION_CONDITIONS = DEBUG;
				SWIFT_OPTIMIZATION_LEVEL = "-Onone";
			};
			name = Debug;
		};
		4CE68B6D23CE9B21000B26F9 /* Release */ = {
			isa = XCBuildConfiguration;
			buildSettings = {
				ALWAYS_SEARCH_USER_PATHS = NO;
				CLANG_ANALYZER_NONNULL = YES;
				CLANG_ANALYZER_NUMBER_OBJECT_CONVERSION = YES_AGGRESSIVE;
				CLANG_CXX_LANGUAGE_STANDARD = "gnu++14";
				CLANG_CXX_LIBRARY = "libc++";
				CLANG_ENABLE_MODULES = YES;
				CLANG_ENABLE_OBJC_ARC = YES;
				CLANG_ENABLE_OBJC_WEAK = YES;
				CLANG_WARN_BLOCK_CAPTURE_AUTORELEASING = YES;
				CLANG_WARN_BOOL_CONVERSION = YES;
				CLANG_WARN_COMMA = YES;
				CLANG_WARN_CONSTANT_CONVERSION = YES;
				CLANG_WARN_DEPRECATED_OBJC_IMPLEMENTATIONS = YES;
				CLANG_WARN_DIRECT_OBJC_ISA_USAGE = YES_ERROR;
				CLANG_WARN_DOCUMENTATION_COMMENTS = YES;
				CLANG_WARN_EMPTY_BODY = YES;
				CLANG_WARN_ENUM_CONVERSION = YES;
				CLANG_WARN_INFINITE_RECURSION = YES;
				CLANG_WARN_INT_CONVERSION = YES;
				CLANG_WARN_NON_LITERAL_NULL_CONVERSION = YES;
				CLANG_WARN_OBJC_IMPLICIT_RETAIN_SELF = YES;
				CLANG_WARN_OBJC_LITERAL_CONVERSION = YES;
				CLANG_WARN_OBJC_ROOT_CLASS = YES_ERROR;
				CLANG_WARN_RANGE_LOOP_ANALYSIS = YES;
				CLANG_WARN_STRICT_PROTOTYPES = YES;
				CLANG_WARN_SUSPICIOUS_MOVE = YES;
				CLANG_WARN_UNGUARDED_AVAILABILITY = YES_AGGRESSIVE;
				CLANG_WARN_UNREACHABLE_CODE = YES;
				CLANG_WARN__DUPLICATE_METHOD_MATCH = YES;
				COPY_PHASE_STRIP = NO;
				DEBUG_INFORMATION_FORMAT = "dwarf-with-dsym";
				ENABLE_NS_ASSERTIONS = NO;
				ENABLE_STRICT_OBJC_MSGSEND = YES;
				GCC_C_LANGUAGE_STANDARD = gnu11;
				GCC_NO_COMMON_BLOCKS = YES;
				GCC_WARN_64_TO_32_BIT_CONVERSION = YES;
				GCC_WARN_ABOUT_RETURN_TYPE = YES_ERROR;
				GCC_WARN_UNDECLARED_SELECTOR = YES;
				GCC_WARN_UNINITIALIZED_AUTOS = YES_AGGRESSIVE;
				GCC_WARN_UNUSED_FUNCTION = YES;
				GCC_WARN_UNUSED_VARIABLE = YES;
				IPHONEOS_DEPLOYMENT_TARGET = 13.2;
				MTL_ENABLE_DEBUG_INFO = NO;
				MTL_FAST_MATH = YES;
				SDKROOT = iphoneos;
				SWIFT_COMPILATION_MODE = wholemodule;
				SWIFT_OPTIMIZATION_LEVEL = "-O";
				VALIDATE_PRODUCT = YES;
			};
			name = Release;
		};
		4CE68B6F23CE9B21000B26F9 /* Debug */ = {
			isa = XCBuildConfiguration;
			buildSettings = {
				ASSETCATALOG_COMPILER_APPICON_NAME = AppIcon;
				CODE_SIGN_STYLE = Automatic;
				DEVELOPMENT_TEAM = Q7QLR2PH2X;
				INFOPLIST_FILE = GitHub/Info.plist;
				LD_RUNPATH_SEARCH_PATHS = (
					"$(inherited)",
					"@executable_path/Frameworks",
				);
				PRODUCT_BUNDLE_IDENTIFIER = com.rafaelescaleira.GitHub;
				PRODUCT_NAME = "$(TARGET_NAME)";
				SWIFT_VERSION = 5.0;
				TARGETED_DEVICE_FAMILY = "1,2";
			};
			name = Debug;
		};
		4CE68B7023CE9B21000B26F9 /* Release */ = {
			isa = XCBuildConfiguration;
			buildSettings = {
				ASSETCATALOG_COMPILER_APPICON_NAME = AppIcon;
				CODE_SIGN_STYLE = Automatic;
				DEVELOPMENT_TEAM = Q7QLR2PH2X;
				INFOPLIST_FILE = GitHub/Info.plist;
				LD_RUNPATH_SEARCH_PATHS = (
					"$(inherited)",
					"@executable_path/Frameworks",
				);
				PRODUCT_BUNDLE_IDENTIFIER = com.rafaelescaleira.GitHub;
				PRODUCT_NAME = "$(TARGET_NAME)";
				SWIFT_VERSION = 5.0;
				TARGETED_DEVICE_FAMILY = "1,2";
			};
			name = Release;
		};
		4CE68B7223CE9B21000B26F9 /* Debug */ = {
			isa = XCBuildConfiguration;
			buildSettings = {
				ALWAYS_EMBED_SWIFT_STANDARD_LIBRARIES = YES;
				BUNDLE_LOADER = "$(TEST_HOST)";
				CODE_SIGN_STYLE = Automatic;
				DEVELOPMENT_TEAM = Q7QLR2PH2X;
				INFOPLIST_FILE = GitHubTests/Info.plist;
				IPHONEOS_DEPLOYMENT_TARGET = 13.2;
				LD_RUNPATH_SEARCH_PATHS = (
					"$(inherited)",
					"@executable_path/Frameworks",
					"@loader_path/Frameworks",
				);
				PRODUCT_BUNDLE_IDENTIFIER = com.rafaelescaleira.GitHubTests;
				PRODUCT_NAME = "$(TARGET_NAME)";
				SWIFT_VERSION = 5.0;
				TARGETED_DEVICE_FAMILY = "1,2";
				TEST_HOST = "$(BUILT_PRODUCTS_DIR)/GitHub.app/GitHub";
			};
			name = Debug;
		};
		4CE68B7323CE9B21000B26F9 /* Release */ = {
			isa = XCBuildConfiguration;
			buildSettings = {
				ALWAYS_EMBED_SWIFT_STANDARD_LIBRARIES = YES;
				BUNDLE_LOADER = "$(TEST_HOST)";
				CODE_SIGN_STYLE = Automatic;
				DEVELOPMENT_TEAM = Q7QLR2PH2X;
				INFOPLIST_FILE = GitHubTests/Info.plist;
				IPHONEOS_DEPLOYMENT_TARGET = 13.2;
				LD_RUNPATH_SEARCH_PATHS = (
					"$(inherited)",
					"@executable_path/Frameworks",
					"@loader_path/Frameworks",
				);
				PRODUCT_BUNDLE_IDENTIFIER = com.rafaelescaleira.GitHubTests;
				PRODUCT_NAME = "$(TARGET_NAME)";
				SWIFT_VERSION = 5.0;
				TARGETED_DEVICE_FAMILY = "1,2";
				TEST_HOST = "$(BUILT_PRODUCTS_DIR)/GitHub.app/GitHub";
			};
			name = Release;
		};
		4CE68B7523CE9B21000B26F9 /* Debug */ = {
			isa = XCBuildConfiguration;
			buildSettings = {
				ALWAYS_EMBED_SWIFT_STANDARD_LIBRARIES = YES;
				CODE_SIGN_STYLE = Automatic;
				DEVELOPMENT_TEAM = Q7QLR2PH2X;
				INFOPLIST_FILE = GitHubUITests/Info.plist;
				LD_RUNPATH_SEARCH_PATHS = (
					"$(inherited)",
					"@executable_path/Frameworks",
					"@loader_path/Frameworks",
				);
				PRODUCT_BUNDLE_IDENTIFIER = com.rafaelescaleira.GitHubUITests;
				PRODUCT_NAME = "$(TARGET_NAME)";
				SWIFT_VERSION = 5.0;
				TARGETED_DEVICE_FAMILY = "1,2";
				TEST_TARGET_NAME = GitHub;
			};
			name = Debug;
		};
		4CE68B7623CE9B21000B26F9 /* Release */ = {
			isa = XCBuildConfiguration;
			buildSettings = {
				ALWAYS_EMBED_SWIFT_STANDARD_LIBRARIES = YES;
				CODE_SIGN_STYLE = Automatic;
				DEVELOPMENT_TEAM = Q7QLR2PH2X;
				INFOPLIST_FILE = GitHubUITests/Info.plist;
				LD_RUNPATH_SEARCH_PATHS = (
					"$(inherited)",
					"@executable_path/Frameworks",
					"@loader_path/Frameworks",
				);
				PRODUCT_BUNDLE_IDENTIFIER = com.rafaelescaleira.GitHubUITests;
				PRODUCT_NAME = "$(TARGET_NAME)";
				SWIFT_VERSION = 5.0;
				TARGETED_DEVICE_FAMILY = "1,2";
				TEST_TARGET_NAME = GitHub;
			};
			name = Release;
		};
/* End XCBuildConfiguration section */

/* Begin XCConfigurationList section */
		4CE68B3F23CE9B1A000B26F9 /* Build configuration list for PBXProject "GitHub" */ = {
			isa = XCConfigurationList;
			buildConfigurations = (
				4CE68B6C23CE9B21000B26F9 /* Debug */,
				4CE68B6D23CE9B21000B26F9 /* Release */,
			);
			defaultConfigurationIsVisible = 0;
			defaultConfigurationName = Release;
		};
		4CE68B6E23CE9B21000B26F9 /* Build configuration list for PBXNativeTarget "GitHub" */ = {
			isa = XCConfigurationList;
			buildConfigurations = (
				4CE68B6F23CE9B21000B26F9 /* Debug */,
				4CE68B7023CE9B21000B26F9 /* Release */,
			);
			defaultConfigurationIsVisible = 0;
			defaultConfigurationName = Release;
		};
		4CE68B7123CE9B21000B26F9 /* Build configuration list for PBXNativeTarget "GitHubTests" */ = {
			isa = XCConfigurationList;
			buildConfigurations = (
				4CE68B7223CE9B21000B26F9 /* Debug */,
				4CE68B7323CE9B21000B26F9 /* Release */,
			);
			defaultConfigurationIsVisible = 0;
			defaultConfigurationName = Release;
		};
		4CE68B7423CE9B21000B26F9 /* Build configuration list for PBXNativeTarget "GitHubUITests" */ = {
			isa = XCConfigurationList;
			buildConfigurations = (
				4CE68B7523CE9B21000B26F9 /* Debug */,
				4CE68B7623CE9B21000B26F9 /* Release */,
			);
			defaultConfigurationIsVisible = 0;
			defaultConfigurationName = Release;
		};
/* End XCConfigurationList section */
	};
	rootObject = 4CE68B3C23CE9B1A000B26F9 /* Project object */;
}
